# This file is generated by running "yarn install" inside your project.
# Manual changes might be lost - proceed with caution!

__metadata:
  version: 4
  cacheKey: 7

"@rundsk/example-component-library@workspace:.":
  version: 0.0.0-use.local
  resolution: "@rundsk/example-component-library@workspace:."
  dependencies:
    "@yarnpkg/esbuild-plugin-pnp": ^1.0.0-rc.2
    esbuild: ^0.8.39
    prettier: ^1.18.2
  peerDependencies:
    react: ^16.8
    react-dom: ^16.8
  languageName: unknown
  linkType: soft

"@yarnpkg/esbuild-plugin-pnp@npm:^1.0.0-rc.2":
  version: 1.0.0-rc.2
  resolution: "@yarnpkg/esbuild-plugin-pnp@npm:1.0.0-rc.2"
  dependencies:
    tslib: ^1.13.0
  peerDependencies:
    esbuild: ^0.8.36
  bin:
    esbuild-plugin-pnp: ./lib/cli.js
  checksum: bfa55937465b0a4ecae1af2639fdddcf63a614e0a68e10401348fd290c86a630396978c2ab3afccfb1bf90e23b7b45cf11947c0348830d57464f4976c4b30bec
  languageName: node
  linkType: hard

"esbuild@npm:^0.8.39":
  version: 0.8.57
  resolution: "esbuild@npm:0.8.57"
  bin:
    esbuild: bin/esbuild
  checksum: 0942950a21a30b57a324380cfedcb425cc1245412e720593415afa0d4f1b7c5f931aa6330937dc1353c754d45c1e5ff7dbc52eb514f54d85517114971300b454
  languageName: node
  linkType: hard

"prettier@npm:^1.18.2":
  version: 1.18.2
  resolution: "prettier@npm:1.18.2"
  bin:
    prettier: ./bin-prettier.js
  checksum: daa7a2908f09332264be2617d661784bccb92e756a13b318ffa62ad7c1d428b2440a8699edc3907bcaaa2a12aacc9dffb0d285ca6791f23ed5c31eab6fb86a9c
  languageName: node
  linkType: hard

"tslib@npm:^1.13.0":
  version: 1.14.1
  resolution: "tslib@npm:1.14.1"
  checksum: f44fe7f216946b17d3e3074df3746372703cf24e9127b4c045511456e8e4bf25515fb0a1bb3937676cc305651c5d4fcb6377b0588a4c6a957e748c4c28905d17
  languageName: node
  linkType: hard
